
Microsoft Visual Studio Solution File, Format Version 12.00
# Visual Studio Version 16
VisualStudioVersion = 16.0.31205.134
MinimumVisualStudioVersion = 10.0.40219.1
Project("{FAE04EC0-301F-11D3-BF4B-00C04F79EFBC}") = "TelerikProject", "TelerikProject\TelerikProject.csproj", "{024DD8C7-DC7E-40F3-9864-90313572DB05}"
EndProject
Project("{2150E333-8FDC-42A3-9474-1A3956D46DE8}") = "Solution Items", "Solution Items", "{2743CC8B-B059-4C40-BBF8-B88510D369C4}"
	ProjectSection(SolutionItems) = preProject
		global.json = global.json
	EndProjectSection
EndProject
Global
	GlobalSection(SolutionConfigurationPlatforms) = preSolution
		Debug|Any CPU = Debug|Any CPU
		Release|Any CPU = Release|Any CPU
	EndGlobalSection
	GlobalSection(ProjectConfigurationPlatforms) = postSolution
		{024DD8C7-DC7E-40F3-9864-90313572DB05}.Debug|Any CPU.ActiveCfg = Debug|Any CPU
		{024DD8C7-DC7E-40F3-9864-90313572DB05}.Debug|Any CPU.Build.0 = Debug|Any CPU
		{024DD8C7-DC7E-40F3-9864-90313572DB05}.Release|Any CPU.ActiveCfg = Release|Any CPU
		{024DD8C7-DC7E-40F3-9864-90313572DB05}.Release|Any CPU.Build.0 = Release|Any CPU
	EndGlobalSection
	GlobalSection(SolutionProperties) = preSolution
		HideSolutionNode = FALSE
	EndGlobalSection
	GlobalSection(ExtensibilityGlobals) = postSolution
		SolutionGuid = {EAA7D105-312D-4D38-ACBD-2120C597E057}
	EndGlobalSection
EndGlobal
